
Microsoft Visual Studio Solution File, Format Version 12.00
# Visual Studio 14
VisualStudioVersion = 14.0.25420.1
MinimumVisualStudioVersion = 10.0.40219.1
Project("{FAE04EC0-301F-11D3-BF4B-00C04F79EFBC}") = "feynman", "feynman\feynman.csproj", "{54422ED5-DA14-46FA-9F20-4D1A26B0418F}"
EndProject
Global
	GlobalSection(SolutionConfigurationPlatforms) = preSolution
		Debug|Any CPU = Debug|Any CPU
		Release|Any CPU = Release|Any CPU
	EndGlobalSection
	GlobalSection(ProjectConfigurationPlatforms) = postSolution
		{54422ED5-DA14-46FA-9F20-4D1A26B0418F}.Debug|Any CPU.ActiveCfg = Debug|Any CPU
		{54422ED5-DA14-46FA-9F20-4D1A26B0418F}.Debug|Any CPU.Build.0 = Debug|Any CPU
		{54422ED5-DA14-46FA-9F20-4D1A26B0418F}.Release|Any CPU.ActiveCfg = Release|Any CPU
		{54422ED5-DA14-46FA-9F20-4D1A26B0418F}.Release|Any CPU.Build.0 = Release|Any CPU
	EndGlobalSection
	GlobalSection(SolutionProperties) = preSolution
		HideSolutionNode = FALSE
	EndGlobalSection
EndGlobal
